
Microsoft Visual Studio Solution File, Format Version 12.00
# Visual Studio Version 16
VisualStudioVersion = 16.0.30907.101
MinimumVisualStudioVersion = 10.0.40219.1
Project("{FAE04EC0-301F-11D3-BF4B-00C04F79EFBC}") = "QTS-SimpleBilling", "QTS-SimpleBilling.csproj", "{8E695E20-00BC-4134-91CB-6586970D0636}"
EndProject
Global
	GlobalSection(SolutionConfigurationPlatforms) = preSolution
		Debug|Any CPU = Debug|Any CPU
		Release|Any CPU = Release|Any CPU
	EndGlobalSection
	GlobalSection(ProjectConfigurationPlatforms) = postSolution
		{8E695E20-00BC-4134-91CB-6586970D0636}.Debug|Any CPU.ActiveCfg = Debug|Any CPU
		{8E695E20-00BC-4134-91CB-6586970D0636}.Debug|Any CPU.Build.0 = Debug|Any CPU
		{8E695E20-00BC-4134-91CB-6586970D0636}.Release|Any CPU.ActiveCfg = Release|Any CPU
		{8E695E20-00BC-4134-91CB-6586970D0636}.Release|Any CPU.Build.0 = Release|Any CPU
	EndGlobalSection
	GlobalSection(SolutionProperties) = preSolution
		HideSolutionNode = FALSE
	EndGlobalSection
	GlobalSection(ExtensibilityGlobals) = postSolution
		SolutionGuid = {B310D3C6-961F-414D-9491-1EE52254967E}
	EndGlobalSection
EndGlobal
